// !$*UTF8*$!
{
	archiveVersion = 1;
	classes = {
	};
	objectVersion = 46;
	objects = {

/* Begin PBXBuildFile section */
		D1DFE3801B9F216400EFD2BB /* main.m in Sources */ = {isa = PBXBuildFile; fileRef = D1DFE37F1B9F216400EFD2BB /* main.m */; };
		D1DFE3831B9F216400EFD2BB /* AppDelegate.m in Sources */ = {isa = PBXBuildFile; fileRef = D1DFE3821B9F216400EFD2BB /* AppDelegate.m */; };
		D1DFE3861B9F216400EFD2BB /* ViewController.m in Sources */ = {isa = PBXBuildFile; fileRef = D1DFE3851B9F216400EFD2BB /* ViewController.m */; };
		D1DFE3891B9F216400EFD2BB /* Main.storyboard in Resources */ = {isa = PBXBuildFile; fileRef = D1DFE3871B9F216400EFD2BB /* Main.storyboard */; };
		D1DFE38B1B9F216400EFD2BB /* Images.xcassets in Resources */ = {isa = PBXBuildFile; fileRef = D1DFE38A1B9F216400EFD2BB /* Images.xcassets */; };
		D1DFE38E1B9F216400EFD2BB /* LaunchScreen.xib in Resources */ = {isa = PBXBuildFile; fileRef = D1DFE38C1B9F216400EFD2BB /* LaunchScreen.xib */; };
		D1DFE39A1B9F216400EFD2BB /* fastlanedemoTests.m in Sources */ = {isa = PBXBuildFile; fileRef = D1DFE3991B9F216400EFD2BB /* fastlanedemoTests.m */; };
/* End PBXBuildFile section */

/* Begin PBXContainerItemProxy section */
		D1DFE3941B9F216400EFD2BB /* PBXContainerItemProxy */ = {
			isa = PBXContainerItemProxy;
			containerPortal = D1DFE3721B9F216400EFD2BB /* Project object */;
			proxyType = 1;
			remoteGlobalIDString = D1DFE3791B9F216400EFD2BB;
			remoteInfo = fastlanedemo;
		};
/* End PBXContainerItemProxy section */

/* Begin PBXFileReference section */
		D1DFE37A1B9F216400EFD2BB /* fastlanedemo.app */ = {isa = PBXFileReference; explicitFileType = wrapper.application; includeInIndex = 0; path = fastlanedemo.app; sourceTree = BUILT_PRODUCTS_DIR; };
		D1DFE37E1B9F216400EFD2BB /* Info.plist */ = {isa = PBXFileReference; lastKnownFileType = text.plist.xml; path = Info.plist; sourceTree = "<group>"; };
		D1DFE37F1B9F216400EFD2BB /* main.m */ = {isa = PBXFileReference; lastKnownFileType = sourcecode.c.objc; path = main.m; sourceTree = "<group>"; };
		D1DFE3811B9F216400EFD2BB /* AppDelegate.h */ = {isa = PBXFileReference; lastKnownFileType = sourcecode.c.h; path = AppDelegate.h; sourceTree = "<group>"; };
		D1DFE3821B9F216400EFD2BB /* AppDelegate.m */ = {isa = PBXFileReference; lastKnownFileType = sourcecode.c.objc; path = AppDelegate.m; sourceTree = "<group>"; };
		D1DFE3841B9F216400EFD2BB /* ViewController.h */ = {isa = PBXFileReference; lastKnownFileType = sourcecode.c.h; path = ViewController.h; sourceTree = "<group>"; };
		D1DFE3851B9F216400EFD2BB /* ViewController.m */ = {isa = PBXFileReference; lastKnownFileType = sourcecode.c.objc; path = ViewController.m; sourceTree = "<group>"; };
		D1DFE3881B9F216400EFD2BB /* Base */ = {isa = PBXFileReference; lastKnownFileType = file.storyboard; name = Base; path = Base.lproj/Main.storyboard; sourceTree = "<group>"; };
		D1DFE38A1B9F216400EFD2BB /* Images.xcassets */ = {isa = PBXFileReference; lastKnownFileType = folder.assetcatalog; path = Images.xcassets; sourceTree = "<group>"; };
		D1DFE38D1B9F216400EFD2BB /* Base */ = {isa = PBXFileReference; lastKnownFileType = file.xib; name = Base; path = Base.lproj/LaunchScreen.xib; sourceTree = "<group>"; };
		D1DFE3931B9F216400EFD2BB /* fastlanedemoTests.xctest */ = {isa = PBXFileReference; explicitFileType = wrapper.cfbundle; includeInIndex = 0; path = fastlanedemoTests.xctest; sourceTree = BUILT_PRODUCTS_DIR; };
		D1DFE3981B9F216400EFD2BB /* Info.plist */ = {isa = PBXFileReference; lastKnownFileType = text.plist.xml; path = Info.plist; sourceTree = "<group>"; };
		D1DFE3991B9F216400EFD2BB /* fastlanedemoTests.m */ = {isa = PBXFileReference; lastKnownFileType = sourcecode.c.objc; path = fastlanedemoTests.m; sourceTree = "<group>"; };
/* End PBXFileReference section */

/* Begin PBXFrameworksBuildPhase section */
		D1DFE3771B9F216400EFD2BB /* Frameworks */ = {
			isa = PBXFrameworksBuildPhase;
			buildActionMask = 2147483647;
			files = (
			);
			runOnlyForDeploymentPostprocessing = 0;
		};
		D1DFE3901B9F216400EFD2BB /* Frameworks */ = {
			isa = PBXFrameworksBuildPhase;
			buildActionMask = 2147483647;
			files = (
			);
			runOnlyForDeploymentPostprocessing = 0;
		};
/* End PBXFrameworksBuildPhase section */

/* Begin PBXGroup section */
		D1DFE3711B9F216400EFD2BB = {
			isa = PBXGroup;
			children = (
				D1DFE37C1B9F216400EFD2BB /* fastlanedemo */,
				D1DFE3961B9F216400EFD2BB /* fastlanedemoTests */,
				D1DFE37B1B9F216400EFD2BB /* Products */,
			);
			sourceTree = "<group>";
		};
		D1DFE37B1B9F216400EFD2BB /* Products */ = {
			isa = PBXGroup;
			children = (
				D1DFE37A1B9F216400EFD2BB /* fastlanedemo.app */,
				D1DFE3931B9F216400EFD2BB /* fastlanedemoTests.xctest */,
			);
			name = Products;
			sourceTree = "<group>";
		};
		D1DFE37C1B9F216400EFD2BB /* fastlanedemo */ = {
			isa = PBXGroup;
			children = (
				D1DFE3811B9F216400EFD2BB /* AppDelegate.h */,
				D1DFE3821B9F216400EFD2BB /* AppDelegate.m */,
				D1DFE3841B9F216400EFD2BB /* ViewController.h */,
				D1DFE3851B9F216400EFD2BB /* ViewController.m */,
				D1DFE3871B9F216400EFD2BB /* Main.storyboard */,
				D1DFE38A1B9F216400EFD2BB /* Images.xcassets */,
				D1DFE38C1B9F216400EFD2BB /* LaunchScreen.xib */,
				D1DFE37D1B9F216400EFD2BB /* Supporting Files */,
			);
			path = fastlanedemo;
			sourceTree = "<group>";
		};
		D1DFE37D1B9F216400EFD2BB /* Supporting Files */ = {
			isa = PBXGroup;
			children = (
				D1DFE37E1B9F216400EFD2BB /* Info.plist */,
				D1DFE37F1B9F216400EFD2BB /* main.m */,
			);
			name = "Supporting Files";
			sourceTree = "<group>";
		};
		D1DFE3961B9F216400EFD2BB /* fastlanedemoTests */ = {
			isa = PBXGroup;
			children = (
				D1DFE3991B9F216400EFD2BB /* fastlanedemoTests.m */,
				D1DFE3971B9F216400EFD2BB /* Supporting Files */,
			);
			path = fastlanedemoTests;
			sourceTree = "<group>";
		};
		D1DFE3971B9F216400EFD2BB /* Supporting Files */ = {
			isa = PBXGroup;
			children = (
				D1DFE3981B9F216400EFD2BB /* Info.plist */,
			);
			name = "Supporting Files";
			sourceTree = "<group>";
		};
/* End PBXGroup section */

/* Begin PBXNativeTarget section */
		D1DFE3791B9F216400EFD2BB /* fastlanedemo */ = {
			isa = PBXNativeTarget;
			buildConfigurationList = D1DFE39D1B9F216400EFD2BB /* Build configuration list for PBXNativeTarget "fastlanedemo" */;
			buildPhases = (
				D1DFE3761B9F216400EFD2BB /* Sources */,
				D1DFE3771B9F216400EFD2BB /* Frameworks */,
				D1DFE3781B9F216400EFD2BB /* Resources */,
			);
			buildRules = (
			);
			dependencies = (
			);
			name = fastlanedemo;
			productName = fastlanedemo;
			productReference = D1DFE37A1B9F216400EFD2BB /* fastlanedemo.app */;
			productType = "com.apple.product-type.application";
		};
		D1DFE3921B9F216400EFD2BB /* fastlanedemoTests */ = {
			isa = PBXNativeTarget;
			buildConfigurationList = D1DFE3A01B9F216400EFD2BB /* Build configuration list for PBXNativeTarget "fastlanedemoTests" */;
			buildPhases = (
				D1DFE38F1B9F216400EFD2BB /* Sources */,
				D1DFE3901B9F216400EFD2BB /* Frameworks */,
				D1DFE3911B9F216400EFD2BB /* Resources */,
			);
			buildRules = (
			);
			dependencies = (
				D1DFE3951B9F216400EFD2BB /* PBXTargetDependency */,
			);
			name = fastlanedemoTests;
			productName = fastlanedemoTests;
			productReference = D1DFE3931B9F216400EFD2BB /* fastlanedemoTests.xctest */;
			productType = "com.apple.product-type.bundle.unit-test";
		};
/* End PBXNativeTarget section */

/* Begin PBXProject section */
		D1DFE3721B9F216400EFD2BB /* Project object */ = {
			isa = PBXProject;
			attributes = {
				LastUpgradeCheck = 0640;
				ORGANIZATIONNAME = everettjf;
				TargetAttributes = {
					D1DFE3791B9F216400EFD2BB = {
						CreatedOnToolsVersion = 6.4;
					};
					D1DFE3921B9F216400EFD2BB = {
						CreatedOnToolsVersion = 6.4;
						TestTargetID = D1DFE3791B9F216400EFD2BB;
					};
				};
			};
			buildConfigurationList = D1DFE3751B9F216400EFD2BB /* Build configuration list for PBXProject "fastlanedemo" */;
			compatibilityVersion = "Xcode 3.2";
			developmentRegion = English;
			hasScannedForEncodings = 0;
			knownRegions = (
				en,
				Base,
			);
			mainGroup = D1DFE3711B9F216400EFD2BB;
			productRefGroup = D1DFE37B1B9F216400EFD2BB /* Products */;
			projectDirPath = "";
			projectRoot = "";
			targets = (
				D1DFE3791B9F216400EFD2BB /* fastlanedemo */,
				D1DFE3921B9F216400EFD2BB /* fastlanedemoTests */,
			);
		};
/* End PBXProject section */

/* Begin PBXResourcesBuildPhase section */
		D1DFE3781B9F216400EFD2BB /* Resources */ = {
			isa = PBXResourcesBuildPhase;
			buildActionMask = 2147483647;
			files = (
				D1DFE3891B9F216400EFD2BB /* Main.storyboard in Resources */,
				D1DFE38E1B9F216400EFD2BB /* LaunchScreen.xib in Resources */,
				D1DFE38B1B9F216400EFD2BB /* Images.xcassets in Resources */,
			);
			runOnlyForDeploymentPostprocessing = 0;
		};
		D1DFE3911B9F216400EFD2BB /* Resources */ = {
			isa = PBXResourcesBuildPhase;
			buildActionMask = 2147483647;
			files = (
			);
			runOnlyForDeploymentPostprocessing = 0;
		};
/* End PBXResourcesBuildPhase section */

/* Begin PBXSourcesBuildPhase section */
		D1DFE3761B9F216400EFD2BB /* Sources */ = {
			isa = PBXSourcesBuildPhase;
			buildActionMask = 2147483647;
			files = (
				D1DFE3861B9F216400EFD2BB /* ViewController.m in Sources */,
				D1DFE3831B9F216400EFD2BB /* AppDelegate.m in Sources */,
				D1DFE3801B9F216400EFD2BB /* main.m in Sources */,
			);
			runOnlyForDeploymentPostprocessing = 0;
		};
		D1DFE38F1B9F216400EFD2BB /* Sources */ = {
			isa = PBXSourcesBuildPhase;
			buildActionMask = 2147483647;
			files = (
				D1DFE39A1B9F216400EFD2BB /* fastlanedemoTests.m in Sources */,
			);
			runOnlyForDeploymentPostprocessing = 0;
		};
/* End PBXSourcesBuildPhase section */

/* Begin PBXTargetDependency section */
		D1DFE3951B9F216400EFD2BB /* PBXTargetDependency */ = {
			isa = PBXTargetDependency;
			target = D1DFE3791B9F216400EFD2BB /* fastlanedemo */;
			targetProxy = D1DFE3941B9F216400EFD2BB /* PBXContainerItemProxy */;
		};
/* End PBXTargetDependency section */

/* Begin PBXVariantGroup section */
		D1DFE3871B9F216400EFD2BB /* Main.storyboard */ = {
			isa = PBXVariantGroup;
			children = (
				D1DFE3881B9F216400EFD2BB /* Base */,
			);
			name = Main.storyboard;
			sourceTree = "<group>";
		};
		D1DFE38C1B9F216400EFD2BB /* LaunchScreen.xib */ = {
			isa = PBXVariantGroup;
			children = (
				D1DFE38D1B9F216400EFD2BB /* Base */,
			);
			name = LaunchScreen.xib;
			sourceTree = "<group>";
		};
/* End PBXVariantGroup section */

/* Begin XCBuildConfiguration section */
		D1DFE39B1B9F216400EFD2BB /* Debug */ = {
			isa = XCBuildConfiguration;
			buildSettings = {
				ALWAYS_SEARCH_USER_PATHS = NO;
				CLANG_CXX_LANGUAGE_STANDARD = "gnu++0x";
				CLANG_CXX_LIBRARY = "libc++";
				CLANG_ENABLE_MODULES = YES;
				CLANG_ENABLE_OBJC_ARC = YES;
				CLANG_WARN_BOOL_CONVERSION = YES;
				CLANG_WARN_CONSTANT_CONVERSION = YES;
				CLANG_WARN_DIRECT_OBJC_ISA_USAGE = YES_ERROR;
				CLANG_WARN_EMPTY_BODY = YES;
				CLANG_WARN_ENUM_CONVERSION = YES;
				CLANG_WARN_INT_CONVERSION = YES;
				CLANG_WARN_OBJC_ROOT_CLASS = YES_ERROR;
				CLANG_WARN_UNREACHABLE_CODE = YES;
				CLANG_WARN__DUPLICATE_METHOD_MATCH = YES;
				"CODE_SIGN_IDENTITY[sdk=iphoneos*]" = "iPhone Developer";
				COPY_PHASE_STRIP = NO;
				DEBUG_INFORMATION_FORMAT = "dwarf-with-dsym";
				ENABLE_STRICT_OBJC_MSGSEND = YES;
				GCC_C_LANGUAGE_STANDARD = gnu99;
				GCC_DYNAMIC_NO_PIC = NO;
				GCC_NO_COMMON_BLOCKS = YES;
				GCC_OPTIMIZATION_LEVEL = 0;
				GCC_PREPROCESSOR_DEFINITIONS = (
					"DEBUG=1",
					"$(inherited)",
				);
				GCC_SYMBOLS_PRIVATE_EXTERN = NO;
				GCC_WARN_64_TO_32_BIT_CONVERSION = YES;
				GCC_WARN_ABOUT_RETURN_TYPE = YES_ERROR;
				GCC_WARN_UNDECLARED_SELECTOR = YES;
				GCC_WARN_UNINITIALIZED_AUTOS = YES_AGGRESSIVE;
				GCC_WARN_UNUSED_FUNCTION = YES;
				GCC_WARN_UNUSED_VARIABLE = YES;
				IPHONEOS_DEPLOYMENT_TARGET = 8.4;
				MTL_ENABLE_DEBUG_INFO = YES;
				ONLY_ACTIVE_ARCH = YES;
				SDKROOT = iphoneos;
			};
			name = Debug;
		};
		D1DFE39C1B9F216400EFD2BB /* Release */ = {
			isa = XCBuildConfiguration;
			buildSettings = {
				ALWAYS_SEARCH_USER_PATHS = NO;
				CLANG_CXX_LANGUAGE_STANDARD = "gnu++0x";
				CLANG_CXX_LIBRARY = "libc++";
				CLANG_ENABLE_MODULES = YES;
				CLANG_ENABLE_OBJC_ARC = YES;
				CLANG_WARN_BOOL_CONVERSION = YES;
				CLANG_WARN_CONSTANT_CONVERSION = YES;
				CLANG_WARN_DIRECT_OBJC_ISA_USAGE = YES_ERROR;
				CLANG_WARN_EMPTY_BODY = YES;
				CLANG_WARN_ENUM_CONVERSION = YES;
				CLANG_WARN_INT_CONVERSION = YES;
				CLANG_WARN_OBJC_ROOT_CLASS = YES_ERROR;
				CLANG_WARN_UNREACHABLE_CODE = YES;
				CLANG_WARN__DUPLICATE_METHOD_MATCH = YES;
				"CODE_SIGN_IDENTITY[sdk=iphoneos*]" = "iPhone Developer";
				COPY_PHASE_STRIP = NO;
				DEBUG_INFORMATION_FORMAT = "dwarf-with-dsym";
				ENABLE_NS_ASSERTIONS = NO;
				ENABLE_STRICT_OBJC_MSGSEND = YES;
				GCC_C_LANGUAGE_STANDARD = gnu99;
				GCC_NO_COMMON_BLOCKS = YES;
				GCC_WARN_64_TO_32_BIT_CONVERSION = YES;
				GCC_WARN_ABOUT_RETURN_TYPE = YES_ERROR;
				GCC_WARN_UNDECLARED_SELECTOR = YES;
				GCC_WARN_UNINITIALIZED_AUTOS = YES_AGGRESSIVE;
				GCC_WARN_UNUSED_FUNCTION = YES;
				GCC_WARN_UNUSED_VARIABLE = YES;
				IPHONEOS_DEPLOYMENT_TARGET = 8.4;
				MTL_ENABLE_DEBUG_INFO = NO;
				SDKROOT = iphoneos;
				VALIDATE_PRODUCT = YES;
			};
			name = Release;
		};
		D1DFE39E1B9F216400EFD2BB /* Debug */ = {
			isa = XCBuildConfiguration;
			buildSettings = {
				ASSETCATALOG_COMPILER_APPICON_NAME = AppIcon;
				INFOPLIST_FILE = fastlanedemo/Info.plist;
				LD_RUNPATH_SEARCH_PATHS = "$(inherited) @executable_path/Frameworks";
				PRODUCT_NAME = "$(TARGET_NAME)";
			};
			name = Debug;
		};
		D1DFE39F1B9F216400EFD2BB /* Release */ = {
			isa = XCBuildConfiguration;
			buildSettings = {
				ASSETCATALOG_COMPILER_APPICON_NAME = AppIcon;
				INFOPLIST_FILE = fastlanedemo/Info.plist;
				LD_RUNPATH_SEARCH_PATHS = "$(inherited) @executable_path/Frameworks";
				PRODUCT_NAME = "$(TARGET_NAME)";
			};
			name = Release;
		};
		D1DFE3A11B9F216400EFD2BB /* Debug */ = {
			isa = XCBuildConfiguration;
			buildSettings = {
				BUNDLE_LOADER = "$(TEST_HOST)";
				FRAMEWORK_SEARCH_PATHS = (
					"$(SDKROOT)/Developer/Library/Frameworks",
					"$(inherited)",
				);
				GCC_PREPROCESSOR_DEFINITIONS = (
					"DEBUG=1",
					"$(inherited)",
				);
				INFOPLIST_FILE = fastlanedemoTests/Info.plist;
				LD_RUNPATH_SEARCH_PATHS = "$(inherited) @executable_path/Frameworks @loader_path/Frameworks";
				PRODUCT_NAME = "$(TARGET_NAME)";
				TEST_HOST = "$(BUILT_PRODUCTS_DIR)/fastlanedemo.app/fastlanedemo";
			};
			name = Debug;
		};
		D1DFE3A21B9F216400EFD2BB /* Release */ = {
			isa = XCBuildConfiguration;
			buildSettings = {
				BUNDLE_LOADER = "$(TEST_HOST)";
				FRAMEWORK_SEARCH_PATHS = (
					"$(SDKROOT)/Developer/Library/Frameworks",
					"$(inherited)",
				);
				INFOPLIST_FILE = fastlanedemoTests/Info.plist;
				LD_RUNPATH_SEARCH_PATHS = "$(inherited) @executable_path/Frameworks @loader_path/Frameworks";
				PRODUCT_NAME = "$(TARGET_NAME)";
				TEST_HOST = "$(BUILT_PRODUCTS_DIR)/fastlanedemo.app/fastlanedemo";
			};
			name = Release;
		};
/* End XCBuildConfiguration section */

/* Begin XCConfigurationList section */
		D1DFE3751B9F216400EFD2BB /* Build configuration list for PBXProject "fastlanedemo" */ = {
			isa = XCConfigurationList;
			buildConfigurations = (
				D1DFE39B1B9F216400EFD2BB /* Debug */,
				D1DFE39C1B9F216400EFD2BB /* Release */,
			);
			defaultConfigurationIsVisible = 0;
			defaultConfigurationName = Release;
		};
		D1DFE39D1B9F216400EFD2BB /* Build configuration list for PBXNativeTarget "fastlanedemo" */ = {
			isa = XCConfigurationList;
			buildConfigurations = (
				D1DFE39E1B9F216400EFD2BB /* Debug */,
				D1DFE39F1B9F216400EFD2BB /* Release */,
			);
			defaultConfigurationIsVisible = 0;
		};
		D1DFE3A01B9F216400EFD2BB /* Build configuration list for PBXNativeTarget "fastlanedemoTests" */ = {
			isa = XCConfigurationList;
			buildConfigurations = (
				D1DFE3A11B9F216400EFD2BB /* Debug */,
				D1DFE3A21B9F216400EFD2BB /* Release */,
			);
			defaultConfigurationIsVisible = 0;
		};
/* End XCConfigurationList section */
	};
	rootObject = D1DFE3721B9F216400EFD2BB /* Project object */;
}
