// !$*UTF8*$!
{
	archiveVersion = 1;
	classes = {
	};
	objectVersion = 50;
	objects = {

/* Begin PBXBuildFile section */
		D1E61C57211DE32800787534 /* AppDelegate.mm in Sources */ = {isa = PBXBuildFile; fileRef = D1E61C56211DE32800787534 /* AppDelegate.mm */; };
		D1E61C5A211DE32800787534 /* ViewController.m in Sources */ = {isa = PBXBuildFile; fileRef = D1E61C59211DE32800787534 /* ViewController.m */; };
		D1E61C5D211DE32800787534 /* Main.storyboard in Resources */ = {isa = PBXBuildFile; fileRef = D1E61C5B211DE32800787534 /* Main.storyboard */; };
		D1E61C5F211DE32900787534 /* Assets.xcassets in Resources */ = {isa = PBXBuildFile; fileRef = D1E61C5E211DE32900787534 /* Assets.xcassets */; };
		D1E61C62211DE32900787534 /* LaunchScreen.storyboard in Resources */ = {isa = PBXBuildFile; fileRef = D1E61C60211DE32900787534 /* LaunchScreen.storyboard */; };
		D1E61C65211DE32900787534 /* main.m in Sources */ = {isa = PBXBuildFile; fileRef = D1E61C64211DE32900787534 /* main.m */; };
		D1E61C6E211DE60000787534 /* ThreadPool.mm in Sources */ = {isa = PBXBuildFile; fileRef = D1E61C6D211DE60000787534 /* ThreadPool.mm */; };
/* End PBXBuildFile section */

/* Begin PBXFileReference section */
		D1E61C52211DE32800787534 /* ThreadPoolSample.app */ = {isa = PBXFileReference; explicitFileType = wrapper.application; includeInIndex = 0; path = ThreadPoolSample.app; sourceTree = BUILT_PRODUCTS_DIR; };
		D1E61C55211DE32800787534 /* AppDelegate.h */ = {isa = PBXFileReference; lastKnownFileType = sourcecode.c.h; path = AppDelegate.h; sourceTree = "<group>"; };
		D1E61C56211DE32800787534 /* AppDelegate.mm */ = {isa = PBXFileReference; lastKnownFileType = sourcecode.cpp.objcpp; path = AppDelegate.mm; sourceTree = "<group>"; };
		D1E61C58211DE32800787534 /* ViewController.h */ = {isa = PBXFileReference; lastKnownFileType = sourcecode.c.h; path = ViewController.h; sourceTree = "<group>"; };
		D1E61C59211DE32800787534 /* ViewController.m */ = {isa = PBXFileReference; lastKnownFileType = sourcecode.c.objc; path = ViewController.m; sourceTree = "<group>"; };
		D1E61C5C211DE32800787534 /* Base */ = {isa = PBXFileReference; lastKnownFileType = file.storyboard; name = Base; path = Base.lproj/Main.storyboard; sourceTree = "<group>"; };
		D1E61C5E211DE32900787534 /* Assets.xcassets */ = {isa = PBXFileReference; lastKnownFileType = folder.assetcatalog; path = Assets.xcassets; sourceTree = "<group>"; };
		D1E61C61211DE32900787534 /* Base */ = {isa = PBXFileReference; lastKnownFileType = file.storyboard; name = Base; path = Base.lproj/LaunchScreen.storyboard; sourceTree = "<group>"; };
		D1E61C63211DE32900787534 /* Info.plist */ = {isa = PBXFileReference; lastKnownFileType = text.plist.xml; path = Info.plist; sourceTree = "<group>"; };
		D1E61C64211DE32900787534 /* main.m */ = {isa = PBXFileReference; lastKnownFileType = sourcecode.c.objc; path = main.m; sourceTree = "<group>"; };
		D1E61C6C211DE60000787534 /* ThreadPool.h */ = {isa = PBXFileReference; lastKnownFileType = sourcecode.c.h; path = ThreadPool.h; sourceTree = "<group>"; };
		D1E61C6D211DE60000787534 /* ThreadPool.mm */ = {isa = PBXFileReference; lastKnownFileType = sourcecode.cpp.objcpp; path = ThreadPool.mm; sourceTree = "<group>"; };
/* End PBXFileReference section */

/* Begin PBXFrameworksBuildPhase section */
		D1E61C4F211DE32800787534 /* Frameworks */ = {
			isa = PBXFrameworksBuildPhase;
			buildActionMask = 2147483647;
			files = (
			);
			runOnlyForDeploymentPostprocessing = 0;
		};
/* End PBXFrameworksBuildPhase section */

/* Begin PBXGroup section */
		D1E61C49211DE32800787534 = {
			isa = PBXGroup;
			children = (
				D1E61C54211DE32800787534 /* ThreadPoolSample */,
				D1E61C53211DE32800787534 /* Products */,
			);
			sourceTree = "<group>";
		};
		D1E61C53211DE32800787534 /* Products */ = {
			isa = PBXGroup;
			children = (
				D1E61C52211DE32800787534 /* ThreadPoolSample.app */,
			);
			name = Products;
			sourceTree = "<group>";
		};
		D1E61C54211DE32800787534 /* ThreadPoolSample */ = {
			isa = PBXGroup;
			children = (
				D1E61C6B211DE44800787534 /* threadpool */,
				D1E61C55211DE32800787534 /* AppDelegate.h */,
				D1E61C56211DE32800787534 /* AppDelegate.mm */,
				D1E61C58211DE32800787534 /* ViewController.h */,
				D1E61C59211DE32800787534 /* ViewController.m */,
				D1E61C5B211DE32800787534 /* Main.storyboard */,
				D1E61C5E211DE32900787534 /* Assets.xcassets */,
				D1E61C60211DE32900787534 /* LaunchScreen.storyboard */,
				D1E61C63211DE32900787534 /* Info.plist */,
				D1E61C64211DE32900787534 /* main.m */,
			);
			path = ThreadPoolSample;
			sourceTree = "<group>";
		};
		D1E61C6B211DE44800787534 /* threadpool */ = {
			isa = PBXGroup;
			children = (
				D1E61C6C211DE60000787534 /* ThreadPool.h */,
				D1E61C6D211DE60000787534 /* ThreadPool.mm */,
			);
			path = threadpool;
			sourceTree = "<group>";
		};
/* End PBXGroup section */

/* Begin PBXNativeTarget section */
		D1E61C51211DE32800787534 /* ThreadPoolSample */ = {
			isa = PBXNativeTarget;
			buildConfigurationList = D1E61C68211DE32900787534 /* Build configuration list for PBXNativeTarget "ThreadPoolSample" */;
			buildPhases = (
				D1E61C4E211DE32800787534 /* Sources */,
				D1E61C4F211DE32800787534 /* Frameworks */,
				D1E61C50211DE32800787534 /* Resources */,
			);
			buildRules = (
			);
			dependencies = (
			);
			name = ThreadPoolSample;
			productName = ThreadPoolSample;
			productReference = D1E61C52211DE32800787534 /* ThreadPoolSample.app */;
			productType = "com.apple.product-type.application";
		};
/* End PBXNativeTarget section */

/* Begin PBXProject section */
		D1E61C4A211DE32800787534 /* Project object */ = {
			isa = PBXProject;
			attributes = {
				LastUpgradeCheck = 0940;
				ORGANIZATIONNAME = everettjf;
				TargetAttributes = {
					D1E61C51211DE32800787534 = {
						CreatedOnToolsVersion = 9.4.1;
					};
				};
			};
			buildConfigurationList = D1E61C4D211DE32800787534 /* Build configuration list for PBXProject "ThreadPoolSample" */;
			compatibilityVersion = "Xcode 9.3";
			developmentRegion = en;
			hasScannedForEncodings = 0;
			knownRegions = (
				en,
				Base,
			);
			mainGroup = D1E61C49211DE32800787534;
			productRefGroup = D1E61C53211DE32800787534 /* Products */;
			projectDirPath = "";
			projectRoot = "";
			targets = (
				D1E61C51211DE32800787534 /* ThreadPoolSample */,
			);
		};
/* End PBXProject section */

/* Begin PBXResourcesBuildPhase section */
		D1E61C50211DE32800787534 /* Resources */ = {
			isa = PBXResourcesBuildPhase;
			buildActionMask = 2147483647;
			files = (
				D1E61C62211DE32900787534 /* LaunchScreen.storyboard in Resources */,
				D1E61C5F211DE32900787534 /* Assets.xcassets in Resources */,
				D1E61C5D211DE32800787534 /* Main.storyboard in Resources */,
			);
			runOnlyForDeploymentPostprocessing = 0;
		};
/* End PBXResourcesBuildPhase section */

/* Begin PBXSourcesBuildPhase section */
		D1E61C4E211DE32800787534 /* Sources */ = {
			isa = PBXSourcesBuildPhase;
			buildActionMask = 2147483647;
			files = (
				D1E61C5A211DE32800787534 /* ViewController.m in Sources */,
				D1E61C6E211DE60000787534 /* ThreadPool.mm in Sources */,
				D1E61C65211DE32900787534 /* main.m in Sources */,
				D1E61C57211DE32800787534 /* AppDelegate.mm in Sources */,
			);
			runOnlyForDeploymentPostprocessing = 0;
		};
/* End PBXSourcesBuildPhase section */

/* Begin PBXVariantGroup section */
		D1E61C5B211DE32800787534 /* Main.storyboard */ = {
			isa = PBXVariantGroup;
			children = (
				D1E61C5C211DE32800787534 /* Base */,
			);
			name = Main.storyboard;
			sourceTree = "<group>";
		};
		D1E61C60211DE32900787534 /* LaunchScreen.storyboard */ = {
			isa = PBXVariantGroup;
			children = (
				D1E61C61211DE32900787534 /* Base */,
			);
			name = LaunchScreen.storyboard;
			sourceTree = "<group>";
		};
/* End PBXVariantGroup section */

/* Begin XCBuildConfiguration section */
		D1E61C66211DE32900787534 /* Debug */ = {
			isa = XCBuildConfiguration;
			buildSettings = {
				ALWAYS_SEARCH_USER_PATHS = NO;
				CLANG_ANALYZER_NONNULL = YES;
				CLANG_ANALYZER_NUMBER_OBJECT_CONVERSION = YES_AGGRESSIVE;
				CLANG_CXX_LANGUAGE_STANDARD = "gnu++14";
				CLANG_CXX_LIBRARY = "libc++";
				CLANG_ENABLE_MODULES = YES;
				CLANG_ENABLE_OBJC_ARC = YES;
				CLANG_ENABLE_OBJC_WEAK = YES;
				CLANG_WARN_BLOCK_CAPTURE_AUTORELEASING = YES;
				CLANG_WARN_BOOL_CONVERSION = YES;
				CLANG_WARN_COMMA = YES;
				CLANG_WARN_CONSTANT_CONVERSION = YES;
				CLANG_WARN_DEPRECATED_OBJC_IMPLEMENTATIONS = YES;
				CLANG_WARN_DIRECT_OBJC_ISA_USAGE = YES_ERROR;
				CLANG_WARN_DOCUMENTATION_COMMENTS = YES;
				CLANG_WARN_EMPTY_BODY = YES;
				CLANG_WARN_ENUM_CONVERSION = YES;
				CLANG_WARN_INFINITE_RECURSION = YES;
				CLANG_WARN_INT_CONVERSION = YES;
				CLANG_WARN_NON_LITERAL_NULL_CONVERSION = YES;
				CLANG_WARN_OBJC_IMPLICIT_RETAIN_SELF = YES;
				CLANG_WARN_OBJC_LITERAL_CONVERSION = YES;
				CLANG_WARN_OBJC_ROOT_CLASS = YES_ERROR;
				CLANG_WARN_RANGE_LOOP_ANALYSIS = YES;
				CLANG_WARN_STRICT_PROTOTYPES = YES;
				CLANG_WARN_SUSPICIOUS_MOVE = YES;
				CLANG_WARN_UNGUARDED_AVAILABILITY = YES_AGGRESSIVE;
				CLANG_WARN_UNREACHABLE_CODE = YES;
				CLANG_WARN__DUPLICATE_METHOD_MATCH = YES;
				CODE_SIGN_IDENTITY = "iPhone Developer";
				COPY_PHASE_STRIP = NO;
				DEBUG_INFORMATION_FORMAT = dwarf;
				ENABLE_STRICT_OBJC_MSGSEND = YES;
				ENABLE_TESTABILITY = YES;
				GCC_C_LANGUAGE_STANDARD = gnu11;
				GCC_DYNAMIC_NO_PIC = NO;
				GCC_NO_COMMON_BLOCKS = YES;
				GCC_OPTIMIZATION_LEVEL = 0;
				GCC_PREPROCESSOR_DEFINITIONS = (
					"DEBUG=1",
					"$(inherited)",
				);
				GCC_WARN_64_TO_32_BIT_CONVERSION = YES;
				GCC_WARN_ABOUT_RETURN_TYPE = YES_ERROR;
				GCC_WARN_UNDECLARED_SELECTOR = YES;
				GCC_WARN_UNINITIALIZED_AUTOS = YES_AGGRESSIVE;
				GCC_WARN_UNUSED_FUNCTION = YES;
				GCC_WARN_UNUSED_VARIABLE = YES;
				IPHONEOS_DEPLOYMENT_TARGET = 11.4;
				MTL_ENABLE_DEBUG_INFO = YES;
				ONLY_ACTIVE_ARCH = YES;
				SDKROOT = iphoneos;
			};
			name = Debug;
		};
		D1E61C67211DE32900787534 /* Release */ = {
			isa = XCBuildConfiguration;
			buildSettings = {
				ALWAYS_SEARCH_USER_PATHS = NO;
				CLANG_ANALYZER_NONNULL = YES;
				CLANG_ANALYZER_NUMBER_OBJECT_CONVERSION = YES_AGGRESSIVE;
				CLANG_CXX_LANGUAGE_STANDARD = "gnu++14";
				CLANG_CXX_LIBRARY = "libc++";
				CLANG_ENABLE_MODULES = YES;
				CLANG_ENABLE_OBJC_ARC = YES;
				CLANG_ENABLE_OBJC_WEAK = YES;
				CLANG_WARN_BLOCK_CAPTURE_AUTORELEASING = YES;
				CLANG_WARN_BOOL_CONVERSION = YES;
				CLANG_WARN_COMMA = YES;
				CLANG_WARN_CONSTANT_CONVERSION = YES;
				CLANG_WARN_DEPRECATED_OBJC_IMPLEMENTATIONS = YES;
				CLANG_WARN_DIRECT_OBJC_ISA_USAGE = YES_ERROR;
				CLANG_WARN_DOCUMENTATION_COMMENTS = YES;
				CLANG_WARN_EMPTY_BODY = YES;
				CLANG_WARN_ENUM_CONVERSION = YES;
				CLANG_WARN_INFINITE_RECURSION = YES;
				CLANG_WARN_INT_CONVERSION = YES;
				CLANG_WARN_NON_LITERAL_NULL_CONVERSION = YES;
				CLANG_WARN_OBJC_IMPLICIT_RETAIN_SELF = YES;
				CLANG_WARN_OBJC_LITERAL_CONVERSION = YES;
				CLANG_WARN_OBJC_ROOT_CLASS = YES_ERROR;
				CLANG_WARN_RANGE_LOOP_ANALYSIS = YES;
				CLANG_WARN_STRICT_PROTOTYPES = YES;
				CLANG_WARN_SUSPICIOUS_MOVE = YES;
				CLANG_WARN_UNGUARDED_AVAILABILITY = YES_AGGRESSIVE;
				CLANG_WARN_UNREACHABLE_CODE = YES;
				CLANG_WARN__DUPLICATE_METHOD_MATCH = YES;
				CODE_SIGN_IDENTITY = "iPhone Developer";
				COPY_PHASE_STRIP = NO;
				DEBUG_INFORMATION_FORMAT = "dwarf-with-dsym";
				ENABLE_NS_ASSERTIONS = NO;
				ENABLE_STRICT_OBJC_MSGSEND = YES;
				GCC_C_LANGUAGE_STANDARD = gnu11;
				GCC_NO_COMMON_BLOCKS = YES;
				GCC_WARN_64_TO_32_BIT_CONVERSION = YES;
				GCC_WARN_ABOUT_RETURN_TYPE = YES_ERROR;
				GCC_WARN_UNDECLARED_SELECTOR = YES;
				GCC_WARN_UNINITIALIZED_AUTOS = YES_AGGRESSIVE;
				GCC_WARN_UNUSED_FUNCTION = YES;
				GCC_WARN_UNUSED_VARIABLE = YES;
				IPHONEOS_DEPLOYMENT_TARGET = 11.4;
				MTL_ENABLE_DEBUG_INFO = NO;
				SDKROOT = iphoneos;
				VALIDATE_PRODUCT = YES;
			};
			name = Release;
		};
		D1E61C69211DE32900787534 /* Debug */ = {
			isa = XCBuildConfiguration;
			buildSettings = {
				ASSETCATALOG_COMPILER_APPICON_NAME = AppIcon;
				CODE_SIGN_STYLE = Automatic;
				DEVELOPMENT_TEAM = YPV49M8592;
				INFOPLIST_FILE = ThreadPoolSample/Info.plist;
				LD_RUNPATH_SEARCH_PATHS = (
					"$(inherited)",
					"@executable_path/Frameworks",
				);
				PRODUCT_BUNDLE_IDENTIFIER = com.everettjf.ThreadPoolSample;
				PRODUCT_NAME = "$(TARGET_NAME)";
				TARGETED_DEVICE_FAMILY = "1,2";
			};
			name = Debug;
		};
		D1E61C6A211DE32900787534 /* Release */ = {
			isa = XCBuildConfiguration;
			buildSettings = {
				ASSETCATALOG_COMPILER_APPICON_NAME = AppIcon;
				CODE_SIGN_STYLE = Automatic;
				DEVELOPMENT_TEAM = YPV49M8592;
				INFOPLIST_FILE = ThreadPoolSample/Info.plist;
				LD_RUNPATH_SEARCH_PATHS = (
					"$(inherited)",
					"@executable_path/Frameworks",
				);
				PRODUCT_BUNDLE_IDENTIFIER = com.everettjf.ThreadPoolSample;
				PRODUCT_NAME = "$(TARGET_NAME)";
				TARGETED_DEVICE_FAMILY = "1,2";
			};
			name = Release;
		};
/* End XCBuildConfiguration section */

/* Begin XCConfigurationList section */
		D1E61C4D211DE32800787534 /* Build configuration list for PBXProject "ThreadPoolSample" */ = {
			isa = XCConfigurationList;
			buildConfigurations = (
				D1E61C66211DE32900787534 /* Debug */,
				D1E61C67211DE32900787534 /* Release */,
			);
			defaultConfigurationIsVisible = 0;
			defaultConfigurationName = Release;
		};
		D1E61C68211DE32900787534 /* Build configuration list for PBXNativeTarget "ThreadPoolSample" */ = {
			isa = XCConfigurationList;
			buildConfigurations = (
				D1E61C69211DE32900787534 /* Debug */,
				D1E61C6A211DE32900787534 /* Release */,
			);
			defaultConfigurationIsVisible = 0;
			defaultConfigurationName = Release;
		};
/* End XCConfigurationList section */
	};
	rootObject = D1E61C4A211DE32800787534 /* Project object */;
}
