// !$*UTF8*$!
{
	archiveVersion = 1;
	classes = {
	};
	objectVersion = 50;
	objects = {

/* Begin PBXBuildFile section */
		D1E61C13211DE20F00787534 /* AppDelegate.m in Sources */ = {isa = PBXBuildFile; fileRef = D1E61C12211DE20F00787534 /* AppDelegate.m */; };
		D1E61C16211DE20F00787534 /* ViewController.m in Sources */ = {isa = PBXBuildFile; fileRef = D1E61C15211DE20F00787534 /* ViewController.m */; };
		D1E61C19211DE20F00787534 /* Main.storyboard in Resources */ = {isa = PBXBuildFile; fileRef = D1E61C17211DE20F00787534 /* Main.storyboard */; };
		D1E61C1B211DE21000787534 /* Assets.xcassets in Resources */ = {isa = PBXBuildFile; fileRef = D1E61C1A211DE21000787534 /* Assets.xcassets */; };
		D1E61C1E211DE21000787534 /* LaunchScreen.storyboard in Resources */ = {isa = PBXBuildFile; fileRef = D1E61C1C211DE21000787534 /* LaunchScreen.storyboard */; };
		D1E61C21211DE21000787534 /* main.m in Sources */ = {isa = PBXBuildFile; fileRef = D1E61C20211DE21000787534 /* main.m */; };
		D1E61C2B211DE21100787534 /* TimeSampleTests.m in Sources */ = {isa = PBXBuildFile; fileRef = D1E61C2A211DE21100787534 /* TimeSampleTests.m */; };
		D1E61C36211DE21100787534 /* TimeSampleUITests.m in Sources */ = {isa = PBXBuildFile; fileRef = D1E61C35211DE21100787534 /* TimeSampleUITests.m */; };
		D1E61C48211DE25900787534 /* SampleTime.mm in Sources */ = {isa = PBXBuildFile; fileRef = D1E61C47211DE25900787534 /* SampleTime.mm */; };
/* End PBXBuildFile section */

/* Begin PBXContainerItemProxy section */
		D1E61C27211DE21100787534 /* PBXContainerItemProxy */ = {
			isa = PBXContainerItemProxy;
			containerPortal = D1E61C06211DE20F00787534 /* Project object */;
			proxyType = 1;
			remoteGlobalIDString = D1E61C0D211DE20F00787534;
			remoteInfo = TimeSample;
		};
		D1E61C32211DE21100787534 /* PBXContainerItemProxy */ = {
			isa = PBXContainerItemProxy;
			containerPortal = D1E61C06211DE20F00787534 /* Project object */;
			proxyType = 1;
			remoteGlobalIDString = D1E61C0D211DE20F00787534;
			remoteInfo = TimeSample;
		};
/* End PBXContainerItemProxy section */

/* Begin PBXFileReference section */
		D1E61C0E211DE20F00787534 /* TimeSample.app */ = {isa = PBXFileReference; explicitFileType = wrapper.application; includeInIndex = 0; path = TimeSample.app; sourceTree = BUILT_PRODUCTS_DIR; };
		D1E61C11211DE20F00787534 /* AppDelegate.h */ = {isa = PBXFileReference; lastKnownFileType = sourcecode.c.h; path = AppDelegate.h; sourceTree = "<group>"; };
		D1E61C12211DE20F00787534 /* AppDelegate.m */ = {isa = PBXFileReference; lastKnownFileType = sourcecode.c.objc; path = AppDelegate.m; sourceTree = "<group>"; };
		D1E61C14211DE20F00787534 /* ViewController.h */ = {isa = PBXFileReference; lastKnownFileType = sourcecode.c.h; path = ViewController.h; sourceTree = "<group>"; };
		D1E61C15211DE20F00787534 /* ViewController.m */ = {isa = PBXFileReference; lastKnownFileType = sourcecode.c.objc; path = ViewController.m; sourceTree = "<group>"; };
		D1E61C18211DE20F00787534 /* Base */ = {isa = PBXFileReference; lastKnownFileType = file.storyboard; name = Base; path = Base.lproj/Main.storyboard; sourceTree = "<group>"; };
		D1E61C1A211DE21000787534 /* Assets.xcassets */ = {isa = PBXFileReference; lastKnownFileType = folder.assetcatalog; path = Assets.xcassets; sourceTree = "<group>"; };
		D1E61C1D211DE21000787534 /* Base */ = {isa = PBXFileReference; lastKnownFileType = file.storyboard; name = Base; path = Base.lproj/LaunchScreen.storyboard; sourceTree = "<group>"; };
		D1E61C1F211DE21000787534 /* Info.plist */ = {isa = PBXFileReference; lastKnownFileType = text.plist.xml; path = Info.plist; sourceTree = "<group>"; };
		D1E61C20211DE21000787534 /* main.m */ = {isa = PBXFileReference; lastKnownFileType = sourcecode.c.objc; path = main.m; sourceTree = "<group>"; };
		D1E61C26211DE21100787534 /* TimeSampleTests.xctest */ = {isa = PBXFileReference; explicitFileType = wrapper.cfbundle; includeInIndex = 0; path = TimeSampleTests.xctest; sourceTree = BUILT_PRODUCTS_DIR; };
		D1E61C2A211DE21100787534 /* TimeSampleTests.m */ = {isa = PBXFileReference; lastKnownFileType = sourcecode.c.objc; path = TimeSampleTests.m; sourceTree = "<group>"; };
		D1E61C2C211DE21100787534 /* Info.plist */ = {isa = PBXFileReference; lastKnownFileType = text.plist.xml; path = Info.plist; sourceTree = "<group>"; };
		D1E61C31211DE21100787534 /* TimeSampleUITests.xctest */ = {isa = PBXFileReference; explicitFileType = wrapper.cfbundle; includeInIndex = 0; path = TimeSampleUITests.xctest; sourceTree = BUILT_PRODUCTS_DIR; };
		D1E61C35211DE21100787534 /* TimeSampleUITests.m */ = {isa = PBXFileReference; lastKnownFileType = sourcecode.c.objc; path = TimeSampleUITests.m; sourceTree = "<group>"; };
		D1E61C37211DE21100787534 /* Info.plist */ = {isa = PBXFileReference; lastKnownFileType = text.plist.xml; path = Info.plist; sourceTree = "<group>"; };
		D1E61C46211DE25900787534 /* SampleTime.h */ = {isa = PBXFileReference; fileEncoding = 4; lastKnownFileType = sourcecode.c.h; path = SampleTime.h; sourceTree = "<group>"; };
		D1E61C47211DE25900787534 /* SampleTime.mm */ = {isa = PBXFileReference; fileEncoding = 4; lastKnownFileType = sourcecode.cpp.objcpp; path = SampleTime.mm; sourceTree = "<group>"; };
/* End PBXFileReference section */

/* Begin PBXFrameworksBuildPhase section */
		D1E61C0B211DE20F00787534 /* Frameworks */ = {
			isa = PBXFrameworksBuildPhase;
			buildActionMask = 2147483647;
			files = (
			);
			runOnlyForDeploymentPostprocessing = 0;
		};
		D1E61C23211DE21100787534 /* Frameworks */ = {
			isa = PBXFrameworksBuildPhase;
			buildActionMask = 2147483647;
			files = (
			);
			runOnlyForDeploymentPostprocessing = 0;
		};
		D1E61C2E211DE21100787534 /* Frameworks */ = {
			isa = PBXFrameworksBuildPhase;
			buildActionMask = 2147483647;
			files = (
			);
			runOnlyForDeploymentPostprocessing = 0;
		};
/* End PBXFrameworksBuildPhase section */

/* Begin PBXGroup section */
		D1E61C05211DE20F00787534 = {
			isa = PBXGroup;
			children = (
				D1E61C10211DE20F00787534 /* TimeSample */,
				D1E61C29211DE21100787534 /* TimeSampleTests */,
				D1E61C34211DE21100787534 /* TimeSampleUITests */,
				D1E61C0F211DE20F00787534 /* Products */,
			);
			sourceTree = "<group>";
		};
		D1E61C0F211DE20F00787534 /* Products */ = {
			isa = PBXGroup;
			children = (
				D1E61C0E211DE20F00787534 /* TimeSample.app */,
				D1E61C26211DE21100787534 /* TimeSampleTests.xctest */,
				D1E61C31211DE21100787534 /* TimeSampleUITests.xctest */,
			);
			name = Products;
			sourceTree = "<group>";
		};
		D1E61C10211DE20F00787534 /* TimeSample */ = {
			isa = PBXGroup;
			children = (
				D1E61C46211DE25900787534 /* SampleTime.h */,
				D1E61C47211DE25900787534 /* SampleTime.mm */,
				D1E61C11211DE20F00787534 /* AppDelegate.h */,
				D1E61C12211DE20F00787534 /* AppDelegate.m */,
				D1E61C14211DE20F00787534 /* ViewController.h */,
				D1E61C15211DE20F00787534 /* ViewController.m */,
				D1E61C17211DE20F00787534 /* Main.storyboard */,
				D1E61C1A211DE21000787534 /* Assets.xcassets */,
				D1E61C1C211DE21000787534 /* LaunchScreen.storyboard */,
				D1E61C1F211DE21000787534 /* Info.plist */,
				D1E61C20211DE21000787534 /* main.m */,
			);
			path = TimeSample;
			sourceTree = "<group>";
		};
		D1E61C29211DE21100787534 /* TimeSampleTests */ = {
			isa = PBXGroup;
			children = (
				D1E61C2A211DE21100787534 /* TimeSampleTests.m */,
				D1E61C2C211DE21100787534 /* Info.plist */,
			);
			path = TimeSampleTests;
			sourceTree = "<group>";
		};
		D1E61C34211DE21100787534 /* TimeSampleUITests */ = {
			isa = PBXGroup;
			children = (
				D1E61C35211DE21100787534 /* TimeSampleUITests.m */,
				D1E61C37211DE21100787534 /* Info.plist */,
			);
			path = TimeSampleUITests;
			sourceTree = "<group>";
		};
/* End PBXGroup section */

/* Begin PBXNativeTarget section */
		D1E61C0D211DE20F00787534 /* TimeSample */ = {
			isa = PBXNativeTarget;
			buildConfigurationList = D1E61C3A211DE21100787534 /* Build configuration list for PBXNativeTarget "TimeSample" */;
			buildPhases = (
				D1E61C0A211DE20F00787534 /* Sources */,
				D1E61C0B211DE20F00787534 /* Frameworks */,
				D1E61C0C211DE20F00787534 /* Resources */,
			);
			buildRules = (
			);
			dependencies = (
			);
			name = TimeSample;
			productName = TimeSample;
			productReference = D1E61C0E211DE20F00787534 /* TimeSample.app */;
			productType = "com.apple.product-type.application";
		};
		D1E61C25211DE21100787534 /* TimeSampleTests */ = {
			isa = PBXNativeTarget;
			buildConfigurationList = D1E61C3D211DE21100787534 /* Build configuration list for PBXNativeTarget "TimeSampleTests" */;
			buildPhases = (
				D1E61C22211DE21100787534 /* Sources */,
				D1E61C23211DE21100787534 /* Frameworks */,
				D1E61C24211DE21100787534 /* Resources */,
			);
			buildRules = (
			);
			dependencies = (
				D1E61C28211DE21100787534 /* PBXTargetDependency */,
			);
			name = TimeSampleTests;
			productName = TimeSampleTests;
			productReference = D1E61C26211DE21100787534 /* TimeSampleTests.xctest */;
			productType = "com.apple.product-type.bundle.unit-test";
		};
		D1E61C30211DE21100787534 /* TimeSampleUITests */ = {
			isa = PBXNativeTarget;
			buildConfigurationList = D1E61C40211DE21100787534 /* Build configuration list for PBXNativeTarget "TimeSampleUITests" */;
			buildPhases = (
				D1E61C2D211DE21100787534 /* Sources */,
				D1E61C2E211DE21100787534 /* Frameworks */,
				D1E61C2F211DE21100787534 /* Resources */,
			);
			buildRules = (
			);
			dependencies = (
				D1E61C33211DE21100787534 /* PBXTargetDependency */,
			);
			name = TimeSampleUITests;
			productName = TimeSampleUITests;
			productReference = D1E61C31211DE21100787534 /* TimeSampleUITests.xctest */;
			productType = "com.apple.product-type.bundle.ui-testing";
		};
/* End PBXNativeTarget section */

/* Begin PBXProject section */
		D1E61C06211DE20F00787534 /* Project object */ = {
			isa = PBXProject;
			attributes = {
				LastUpgradeCheck = 0940;
				ORGANIZATIONNAME = everettjf;
				TargetAttributes = {
					D1E61C0D211DE20F00787534 = {
						CreatedOnToolsVersion = 9.4.1;
					};
					D1E61C25211DE21100787534 = {
						CreatedOnToolsVersion = 9.4.1;
						TestTargetID = D1E61C0D211DE20F00787534;
					};
					D1E61C30211DE21100787534 = {
						CreatedOnToolsVersion = 9.4.1;
						TestTargetID = D1E61C0D211DE20F00787534;
					};
				};
			};
			buildConfigurationList = D1E61C09211DE20F00787534 /* Build configuration list for PBXProject "TimeSample" */;
			compatibilityVersion = "Xcode 9.3";
			developmentRegion = en;
			hasScannedForEncodings = 0;
			knownRegions = (
				en,
				Base,
			);
			mainGroup = D1E61C05211DE20F00787534;
			productRefGroup = D1E61C0F211DE20F00787534 /* Products */;
			projectDirPath = "";
			projectRoot = "";
			targets = (
				D1E61C0D211DE20F00787534 /* TimeSample */,
				D1E61C25211DE21100787534 /* TimeSampleTests */,
				D1E61C30211DE21100787534 /* TimeSampleUITests */,
			);
		};
/* End PBXProject section */

/* Begin PBXResourcesBuildPhase section */
		D1E61C0C211DE20F00787534 /* Resources */ = {
			isa = PBXResourcesBuildPhase;
			buildActionMask = 2147483647;
			files = (
				D1E61C1E211DE21000787534 /* LaunchScreen.storyboard in Resources */,
				D1E61C1B211DE21000787534 /* Assets.xcassets in Resources */,
				D1E61C19211DE20F00787534 /* Main.storyboard in Resources */,
			);
			runOnlyForDeploymentPostprocessing = 0;
		};
		D1E61C24211DE21100787534 /* Resources */ = {
			isa = PBXResourcesBuildPhase;
			buildActionMask = 2147483647;
			files = (
			);
			runOnlyForDeploymentPostprocessing = 0;
		};
		D1E61C2F211DE21100787534 /* Resources */ = {
			isa = PBXResourcesBuildPhase;
			buildActionMask = 2147483647;
			files = (
			);
			runOnlyForDeploymentPostprocessing = 0;
		};
/* End PBXResourcesBuildPhase section */

/* Begin PBXSourcesBuildPhase section */
		D1E61C0A211DE20F00787534 /* Sources */ = {
			isa = PBXSourcesBuildPhase;
			buildActionMask = 2147483647;
			files = (
				D1E61C16211DE20F00787534 /* ViewController.m in Sources */,
				D1E61C21211DE21000787534 /* main.m in Sources */,
				D1E61C48211DE25900787534 /* SampleTime.mm in Sources */,
				D1E61C13211DE20F00787534 /* AppDelegate.m in Sources */,
			);
			runOnlyForDeploymentPostprocessing = 0;
		};
		D1E61C22211DE21100787534 /* Sources */ = {
			isa = PBXSourcesBuildPhase;
			buildActionMask = 2147483647;
			files = (
				D1E61C2B211DE21100787534 /* TimeSampleTests.m in Sources */,
			);
			runOnlyForDeploymentPostprocessing = 0;
		};
		D1E61C2D211DE21100787534 /* Sources */ = {
			isa = PBXSourcesBuildPhase;
			buildActionMask = 2147483647;
			files = (
				D1E61C36211DE21100787534 /* TimeSampleUITests.m in Sources */,
			);
			runOnlyForDeploymentPostprocessing = 0;
		};
/* End PBXSourcesBuildPhase section */

/* Begin PBXTargetDependency section */
		D1E61C28211DE21100787534 /* PBXTargetDependency */ = {
			isa = PBXTargetDependency;
			target = D1E61C0D211DE20F00787534 /* TimeSample */;
			targetProxy = D1E61C27211DE21100787534 /* PBXContainerItemProxy */;
		};
		D1E61C33211DE21100787534 /* PBXTargetDependency */ = {
			isa = PBXTargetDependency;
			target = D1E61C0D211DE20F00787534 /* TimeSample */;
			targetProxy = D1E61C32211DE21100787534 /* PBXContainerItemProxy */;
		};
/* End PBXTargetDependency section */

/* Begin PBXVariantGroup section */
		D1E61C17211DE20F00787534 /* Main.storyboard */ = {
			isa = PBXVariantGroup;
			children = (
				D1E61C18211DE20F00787534 /* Base */,
			);
			name = Main.storyboard;
			sourceTree = "<group>";
		};
		D1E61C1C211DE21000787534 /* LaunchScreen.storyboard */ = {
			isa = PBXVariantGroup;
			children = (
				D1E61C1D211DE21000787534 /* Base */,
			);
			name = LaunchScreen.storyboard;
			sourceTree = "<group>";
		};
/* End PBXVariantGroup section */

/* Begin XCBuildConfiguration section */
		D1E61C38211DE21100787534 /* Debug */ = {
			isa = XCBuildConfiguration;
			buildSettings = {
				ALWAYS_SEARCH_USER_PATHS = NO;
				CLANG_ANALYZER_NONNULL = YES;
				CLANG_ANALYZER_NUMBER_OBJECT_CONVERSION = YES_AGGRESSIVE;
				CLANG_CXX_LANGUAGE_STANDARD = "gnu++14";
				CLANG_CXX_LIBRARY = "libc++";
				CLANG_ENABLE_MODULES = YES;
				CLANG_ENABLE_OBJC_ARC = YES;
				CLANG_ENABLE_OBJC_WEAK = YES;
				CLANG_WARN_BLOCK_CAPTURE_AUTORELEASING = YES;
				CLANG_WARN_BOOL_CONVERSION = YES;
				CLANG_WARN_COMMA = YES;
				CLANG_WARN_CONSTANT_CONVERSION = YES;
				CLANG_WARN_DEPRECATED_OBJC_IMPLEMENTATIONS = YES;
				CLANG_WARN_DIRECT_OBJC_ISA_USAGE = YES_ERROR;
				CLANG_WARN_DOCUMENTATION_COMMENTS = YES;
				CLANG_WARN_EMPTY_BODY = YES;
				CLANG_WARN_ENUM_CONVERSION = YES;
				CLANG_WARN_INFINITE_RECURSION = YES;
				CLANG_WARN_INT_CONVERSION = YES;
				CLANG_WARN_NON_LITERAL_NULL_CONVERSION = YES;
				CLANG_WARN_OBJC_IMPLICIT_RETAIN_SELF = YES;
				CLANG_WARN_OBJC_LITERAL_CONVERSION = YES;
				CLANG_WARN_OBJC_ROOT_CLASS = YES_ERROR;
				CLANG_WARN_RANGE_LOOP_ANALYSIS = YES;
				CLANG_WARN_STRICT_PROTOTYPES = YES;
				CLANG_WARN_SUSPICIOUS_MOVE = YES;
				CLANG_WARN_UNGUARDED_AVAILABILITY = YES_AGGRESSIVE;
				CLANG_WARN_UNREACHABLE_CODE = YES;
				CLANG_WARN__DUPLICATE_METHOD_MATCH = YES;
				CODE_SIGN_IDENTITY = "iPhone Developer";
				COPY_PHASE_STRIP = NO;
				DEBUG_INFORMATION_FORMAT = dwarf;
				ENABLE_STRICT_OBJC_MSGSEND = YES;
				ENABLE_TESTABILITY = YES;
				GCC_C_LANGUAGE_STANDARD = gnu11;
				GCC_DYNAMIC_NO_PIC = NO;
				GCC_NO_COMMON_BLOCKS = YES;
				GCC_OPTIMIZATION_LEVEL = 0;
				GCC_PREPROCESSOR_DEFINITIONS = (
					"DEBUG=1",
					"$(inherited)",
				);
				GCC_WARN_64_TO_32_BIT_CONVERSION = YES;
				GCC_WARN_ABOUT_RETURN_TYPE = YES_ERROR;
				GCC_WARN_UNDECLARED_SELECTOR = YES;
				GCC_WARN_UNINITIALIZED_AUTOS = YES_AGGRESSIVE;
				GCC_WARN_UNUSED_FUNCTION = YES;
				GCC_WARN_UNUSED_VARIABLE = YES;
				IPHONEOS_DEPLOYMENT_TARGET = 11.4;
				MTL_ENABLE_DEBUG_INFO = YES;
				ONLY_ACTIVE_ARCH = YES;
				SDKROOT = iphoneos;
			};
			name = Debug;
		};
		D1E61C39211DE21100787534 /* Release */ = {
			isa = XCBuildConfiguration;
			buildSettings = {
				ALWAYS_SEARCH_USER_PATHS = NO;
				CLANG_ANALYZER_NONNULL = YES;
				CLANG_ANALYZER_NUMBER_OBJECT_CONVERSION = YES_AGGRESSIVE;
				CLANG_CXX_LANGUAGE_STANDARD = "gnu++14";
				CLANG_CXX_LIBRARY = "libc++";
				CLANG_ENABLE_MODULES = YES;
				CLANG_ENABLE_OBJC_ARC = YES;
				CLANG_ENABLE_OBJC_WEAK = YES;
				CLANG_WARN_BLOCK_CAPTURE_AUTORELEASING = YES;
				CLANG_WARN_BOOL_CONVERSION = YES;
				CLANG_WARN_COMMA = YES;
				CLANG_WARN_CONSTANT_CONVERSION = YES;
				CLANG_WARN_DEPRECATED_OBJC_IMPLEMENTATIONS = YES;
				CLANG_WARN_DIRECT_OBJC_ISA_USAGE = YES_ERROR;
				CLANG_WARN_DOCUMENTATION_COMMENTS = YES;
				CLANG_WARN_EMPTY_BODY = YES;
				CLANG_WARN_ENUM_CONVERSION = YES;
				CLANG_WARN_INFINITE_RECURSION = YES;
				CLANG_WARN_INT_CONVERSION = YES;
				CLANG_WARN_NON_LITERAL_NULL_CONVERSION = YES;
				CLANG_WARN_OBJC_IMPLICIT_RETAIN_SELF = YES;
				CLANG_WARN_OBJC_LITERAL_CONVERSION = YES;
				CLANG_WARN_OBJC_ROOT_CLASS = YES_ERROR;
				CLANG_WARN_RANGE_LOOP_ANALYSIS = YES;
				CLANG_WARN_STRICT_PROTOTYPES = YES;
				CLANG_WARN_SUSPICIOUS_MOVE = YES;
				CLANG_WARN_UNGUARDED_AVAILABILITY = YES_AGGRESSIVE;
				CLANG_WARN_UNREACHABLE_CODE = YES;
				CLANG_WARN__DUPLICATE_METHOD_MATCH = YES;
				CODE_SIGN_IDENTITY = "iPhone Developer";
				COPY_PHASE_STRIP = NO;
				DEBUG_INFORMATION_FORMAT = "dwarf-with-dsym";
				ENABLE_NS_ASSERTIONS = NO;
				ENABLE_STRICT_OBJC_MSGSEND = YES;
				GCC_C_LANGUAGE_STANDARD = gnu11;
				GCC_NO_COMMON_BLOCKS = YES;
				GCC_WARN_64_TO_32_BIT_CONVERSION = YES;
				GCC_WARN_ABOUT_RETURN_TYPE = YES_ERROR;
				GCC_WARN_UNDECLARED_SELECTOR = YES;
				GCC_WARN_UNINITIALIZED_AUTOS = YES_AGGRESSIVE;
				GCC_WARN_UNUSED_FUNCTION = YES;
				GCC_WARN_UNUSED_VARIABLE = YES;
				IPHONEOS_DEPLOYMENT_TARGET = 11.4;
				MTL_ENABLE_DEBUG_INFO = NO;
				SDKROOT = iphoneos;
				VALIDATE_PRODUCT = YES;
			};
			name = Release;
		};
		D1E61C3B211DE21100787534 /* Debug */ = {
			isa = XCBuildConfiguration;
			buildSettings = {
				ASSETCATALOG_COMPILER_APPICON_NAME = AppIcon;
				CODE_SIGN_STYLE = Automatic;
				DEVELOPMENT_TEAM = YPV49M8592;
				INFOPLIST_FILE = TimeSample/Info.plist;
				LD_RUNPATH_SEARCH_PATHS = (
					"$(inherited)",
					"@executable_path/Frameworks",
				);
				PRODUCT_BUNDLE_IDENTIFIER = com.everettjf.TimeSample;
				PRODUCT_NAME = "$(TARGET_NAME)";
				TARGETED_DEVICE_FAMILY = "1,2";
			};
			name = Debug;
		};
		D1E61C3C211DE21100787534 /* Release */ = {
			isa = XCBuildConfiguration;
			buildSettings = {
				ASSETCATALOG_COMPILER_APPICON_NAME = AppIcon;
				CODE_SIGN_STYLE = Automatic;
				DEVELOPMENT_TEAM = YPV49M8592;
				INFOPLIST_FILE = TimeSample/Info.plist;
				LD_RUNPATH_SEARCH_PATHS = (
					"$(inherited)",
					"@executable_path/Frameworks",
				);
				PRODUCT_BUNDLE_IDENTIFIER = com.everettjf.TimeSample;
				PRODUCT_NAME = "$(TARGET_NAME)";
				TARGETED_DEVICE_FAMILY = "1,2";
			};
			name = Release;
		};
		D1E61C3E211DE21100787534 /* Debug */ = {
			isa = XCBuildConfiguration;
			buildSettings = {
				BUNDLE_LOADER = "$(TEST_HOST)";
				CODE_SIGN_STYLE = Automatic;
				DEVELOPMENT_TEAM = YPV49M8592;
				INFOPLIST_FILE = TimeSampleTests/Info.plist;
				LD_RUNPATH_SEARCH_PATHS = (
					"$(inherited)",
					"@executable_path/Frameworks",
					"@loader_path/Frameworks",
				);
				PRODUCT_BUNDLE_IDENTIFIER = com.everettjf.TimeSampleTests;
				PRODUCT_NAME = "$(TARGET_NAME)";
				TARGETED_DEVICE_FAMILY = "1,2";
				TEST_HOST = "$(BUILT_PRODUCTS_DIR)/TimeSample.app/TimeSample";
			};
			name = Debug;
		};
		D1E61C3F211DE21100787534 /* Release */ = {
			isa = XCBuildConfiguration;
			buildSettings = {
				BUNDLE_LOADER = "$(TEST_HOST)";
				CODE_SIGN_STYLE = Automatic;
				DEVELOPMENT_TEAM = YPV49M8592;
				INFOPLIST_FILE = TimeSampleTests/Info.plist;
				LD_RUNPATH_SEARCH_PATHS = (
					"$(inherited)",
					"@executable_path/Frameworks",
					"@loader_path/Frameworks",
				);
				PRODUCT_BUNDLE_IDENTIFIER = com.everettjf.TimeSampleTests;
				PRODUCT_NAME = "$(TARGET_NAME)";
				TARGETED_DEVICE_FAMILY = "1,2";
				TEST_HOST = "$(BUILT_PRODUCTS_DIR)/TimeSample.app/TimeSample";
			};
			name = Release;
		};
		D1E61C41211DE21100787534 /* Debug */ = {
			isa = XCBuildConfiguration;
			buildSettings = {
				CODE_SIGN_STYLE = Automatic;
				DEVELOPMENT_TEAM = YPV49M8592;
				INFOPLIST_FILE = TimeSampleUITests/Info.plist;
				LD_RUNPATH_SEARCH_PATHS = (
					"$(inherited)",
					"@executable_path/Frameworks",
					"@loader_path/Frameworks",
				);
				PRODUCT_BUNDLE_IDENTIFIER = com.everettjf.TimeSampleUITests;
				PRODUCT_NAME = "$(TARGET_NAME)";
				TARGETED_DEVICE_FAMILY = "1,2";
				TEST_TARGET_NAME = TimeSample;
			};
			name = Debug;
		};
		D1E61C42211DE21100787534 /* Release */ = {
			isa = XCBuildConfiguration;
			buildSettings = {
				CODE_SIGN_STYLE = Automatic;
				DEVELOPMENT_TEAM = YPV49M8592;
				INFOPLIST_FILE = TimeSampleUITests/Info.plist;
				LD_RUNPATH_SEARCH_PATHS = (
					"$(inherited)",
					"@executable_path/Frameworks",
					"@loader_path/Frameworks",
				);
				PRODUCT_BUNDLE_IDENTIFIER = com.everettjf.TimeSampleUITests;
				PRODUCT_NAME = "$(TARGET_NAME)";
				TARGETED_DEVICE_FAMILY = "1,2";
				TEST_TARGET_NAME = TimeSample;
			};
			name = Release;
		};
/* End XCBuildConfiguration section */

/* Begin XCConfigurationList section */
		D1E61C09211DE20F00787534 /* Build configuration list for PBXProject "TimeSample" */ = {
			isa = XCConfigurationList;
			buildConfigurations = (
				D1E61C38211DE21100787534 /* Debug */,
				D1E61C39211DE21100787534 /* Release */,
			);
			defaultConfigurationIsVisible = 0;
			defaultConfigurationName = Release;
		};
		D1E61C3A211DE21100787534 /* Build configuration list for PBXNativeTarget "TimeSample" */ = {
			isa = XCConfigurationList;
			buildConfigurations = (
				D1E61C3B211DE21100787534 /* Debug */,
				D1E61C3C211DE21100787534 /* Release */,
			);
			defaultConfigurationIsVisible = 0;
			defaultConfigurationName = Release;
		};
		D1E61C3D211DE21100787534 /* Build configuration list for PBXNativeTarget "TimeSampleTests" */ = {
			isa = XCConfigurationList;
			buildConfigurations = (
				D1E61C3E211DE21100787534 /* Debug */,
				D1E61C3F211DE21100787534 /* Release */,
			);
			defaultConfigurationIsVisible = 0;
			defaultConfigurationName = Release;
		};
		D1E61C40211DE21100787534 /* Build configuration list for PBXNativeTarget "TimeSampleUITests" */ = {
			isa = XCConfigurationList;
			buildConfigurations = (
				D1E61C41211DE21100787534 /* Debug */,
				D1E61C42211DE21100787534 /* Release */,
			);
			defaultConfigurationIsVisible = 0;
			defaultConfigurationName = Release;
		};
/* End XCConfigurationList section */
	};
	rootObject = D1E61C06211DE20F00787534 /* Project object */;
}
