// !$*UTF8*$!
{
	archiveVersion = 1;
	classes = {
	};
	objectVersion = 48;
	objects = {

/* Begin PBXBuildFile section */
		D14793B62028A5E500865782 /* AppDelegate.m in Sources */ = {isa = PBXBuildFile; fileRef = D14793B52028A5E500865782 /* AppDelegate.m */; };
		D14793B92028A5E500865782 /* ViewController.m in Sources */ = {isa = PBXBuildFile; fileRef = D14793B82028A5E500865782 /* ViewController.m */; };
		D14793BC2028A5E500865782 /* Main.storyboard in Resources */ = {isa = PBXBuildFile; fileRef = D14793BA2028A5E500865782 /* Main.storyboard */; };
		D14793BE2028A5E500865782 /* Assets.xcassets in Resources */ = {isa = PBXBuildFile; fileRef = D14793BD2028A5E500865782 /* Assets.xcassets */; };
		D14793C12028A5E500865782 /* LaunchScreen.storyboard in Resources */ = {isa = PBXBuildFile; fileRef = D14793BF2028A5E500865782 /* LaunchScreen.storyboard */; };
		D14793CF2028A6AA00865782 /* fishhook.c in Sources */ = {isa = PBXBuildFile; fileRef = D14793CB2028A6AA00865782 /* fishhook.c */; };
		D14793D02028A6AA00865782 /* main.m in Sources */ = {isa = PBXBuildFile; fileRef = D14793CC2028A6AA00865782 /* main.m */; };
		D14793D12028A6AA00865782 /* InspectiveCarm64.c in Sources */ = {isa = PBXBuildFile; fileRef = D14793CE2028A6AA00865782 /* InspectiveCarm64.c */; };
/* End PBXBuildFile section */

/* Begin PBXFileReference section */
		D14793B12028A5E500865782 /* FishhookObjcMsgSend.app */ = {isa = PBXFileReference; explicitFileType = wrapper.application; includeInIndex = 0; path = FishhookObjcMsgSend.app; sourceTree = BUILT_PRODUCTS_DIR; };
		D14793B42028A5E500865782 /* AppDelegate.h */ = {isa = PBXFileReference; lastKnownFileType = sourcecode.c.h; path = AppDelegate.h; sourceTree = "<group>"; };
		D14793B52028A5E500865782 /* AppDelegate.m */ = {isa = PBXFileReference; lastKnownFileType = sourcecode.c.objc; path = AppDelegate.m; sourceTree = "<group>"; };
		D14793B72028A5E500865782 /* ViewController.h */ = {isa = PBXFileReference; lastKnownFileType = sourcecode.c.h; path = ViewController.h; sourceTree = "<group>"; };
		D14793B82028A5E500865782 /* ViewController.m */ = {isa = PBXFileReference; lastKnownFileType = sourcecode.c.objc; path = ViewController.m; sourceTree = "<group>"; };
		D14793BB2028A5E500865782 /* Base */ = {isa = PBXFileReference; lastKnownFileType = file.storyboard; name = Base; path = Base.lproj/Main.storyboard; sourceTree = "<group>"; };
		D14793BD2028A5E500865782 /* Assets.xcassets */ = {isa = PBXFileReference; lastKnownFileType = folder.assetcatalog; path = Assets.xcassets; sourceTree = "<group>"; };
		D14793C02028A5E500865782 /* Base */ = {isa = PBXFileReference; lastKnownFileType = file.storyboard; name = Base; path = Base.lproj/LaunchScreen.storyboard; sourceTree = "<group>"; };
		D14793C22028A5E500865782 /* Info.plist */ = {isa = PBXFileReference; lastKnownFileType = text.plist.xml; path = Info.plist; sourceTree = "<group>"; };
		D14793CB2028A6AA00865782 /* fishhook.c */ = {isa = PBXFileReference; fileEncoding = 4; lastKnownFileType = sourcecode.c.c; path = fishhook.c; sourceTree = "<group>"; };
		D14793CC2028A6AA00865782 /* main.m */ = {isa = PBXFileReference; fileEncoding = 4; lastKnownFileType = sourcecode.c.objc; path = main.m; sourceTree = "<group>"; };
		D14793CD2028A6AA00865782 /* fishhook.h */ = {isa = PBXFileReference; fileEncoding = 4; lastKnownFileType = sourcecode.c.h; path = fishhook.h; sourceTree = "<group>"; };
		D14793CE2028A6AA00865782 /* InspectiveCarm64.c */ = {isa = PBXFileReference; fileEncoding = 4; lastKnownFileType = sourcecode.c.c; path = InspectiveCarm64.c; sourceTree = "<group>"; };
/* End PBXFileReference section */

/* Begin PBXFrameworksBuildPhase section */
		D14793AE2028A5E500865782 /* Frameworks */ = {
			isa = PBXFrameworksBuildPhase;
			buildActionMask = 2147483647;
			files = (
			);
			runOnlyForDeploymentPostprocessing = 0;
		};
/* End PBXFrameworksBuildPhase section */

/* Begin PBXGroup section */
		D14793A82028A5E500865782 = {
			isa = PBXGroup;
			children = (
				D14793B32028A5E500865782 /* FishhookObjcMsgSend */,
				D14793B22028A5E500865782 /* Products */,
			);
			sourceTree = "<group>";
		};
		D14793B22028A5E500865782 /* Products */ = {
			isa = PBXGroup;
			children = (
				D14793B12028A5E500865782 /* FishhookObjcMsgSend.app */,
			);
			name = Products;
			sourceTree = "<group>";
		};
		D14793B32028A5E500865782 /* FishhookObjcMsgSend */ = {
			isa = PBXGroup;
			children = (
				D14793CB2028A6AA00865782 /* fishhook.c */,
				D14793CD2028A6AA00865782 /* fishhook.h */,
				D14793CE2028A6AA00865782 /* InspectiveCarm64.c */,
				D14793CC2028A6AA00865782 /* main.m */,
				D14793B42028A5E500865782 /* AppDelegate.h */,
				D14793B52028A5E500865782 /* AppDelegate.m */,
				D14793B72028A5E500865782 /* ViewController.h */,
				D14793B82028A5E500865782 /* ViewController.m */,
				D14793BA2028A5E500865782 /* Main.storyboard */,
				D14793BD2028A5E500865782 /* Assets.xcassets */,
				D14793BF2028A5E500865782 /* LaunchScreen.storyboard */,
				D14793C22028A5E500865782 /* Info.plist */,
			);
			path = FishhookObjcMsgSend;
			sourceTree = "<group>";
		};
/* End PBXGroup section */

/* Begin PBXNativeTarget section */
		D14793B02028A5E500865782 /* FishhookObjcMsgSend */ = {
			isa = PBXNativeTarget;
			buildConfigurationList = D14793C72028A5E500865782 /* Build configuration list for PBXNativeTarget "FishhookObjcMsgSend" */;
			buildPhases = (
				D14793AD2028A5E500865782 /* Sources */,
				D14793AE2028A5E500865782 /* Frameworks */,
				D14793AF2028A5E500865782 /* Resources */,
			);
			buildRules = (
			);
			dependencies = (
			);
			name = FishhookObjcMsgSend;
			productName = FishhookObjcMsgSend;
			productReference = D14793B12028A5E500865782 /* FishhookObjcMsgSend.app */;
			productType = "com.apple.product-type.application";
		};
/* End PBXNativeTarget section */

/* Begin PBXProject section */
		D14793A92028A5E500865782 /* Project object */ = {
			isa = PBXProject;
			attributes = {
				LastUpgradeCheck = 0910;
				ORGANIZATIONNAME = everettjf;
				TargetAttributes = {
					D14793B02028A5E500865782 = {
						CreatedOnToolsVersion = 9.1;
						ProvisioningStyle = Automatic;
					};
				};
			};
			buildConfigurationList = D14793AC2028A5E500865782 /* Build configuration list for PBXProject "FishhookObjcMsgSend" */;
			compatibilityVersion = "Xcode 8.0";
			developmentRegion = en;
			hasScannedForEncodings = 0;
			knownRegions = (
				en,
				Base,
			);
			mainGroup = D14793A82028A5E500865782;
			productRefGroup = D14793B22028A5E500865782 /* Products */;
			projectDirPath = "";
			projectRoot = "";
			targets = (
				D14793B02028A5E500865782 /* FishhookObjcMsgSend */,
			);
		};
/* End PBXProject section */

/* Begin PBXResourcesBuildPhase section */
		D14793AF2028A5E500865782 /* Resources */ = {
			isa = PBXResourcesBuildPhase;
			buildActionMask = 2147483647;
			files = (
				D14793C12028A5E500865782 /* LaunchScreen.storyboard in Resources */,
				D14793BE2028A5E500865782 /* Assets.xcassets in Resources */,
				D14793BC2028A5E500865782 /* Main.storyboard in Resources */,
			);
			runOnlyForDeploymentPostprocessing = 0;
		};
/* End PBXResourcesBuildPhase section */

/* Begin PBXSourcesBuildPhase section */
		D14793AD2028A5E500865782 /* Sources */ = {
			isa = PBXSourcesBuildPhase;
			buildActionMask = 2147483647;
			files = (
				D14793B92028A5E500865782 /* ViewController.m in Sources */,
				D14793CF2028A6AA00865782 /* fishhook.c in Sources */,
				D14793D02028A6AA00865782 /* main.m in Sources */,
				D14793D12028A6AA00865782 /* InspectiveCarm64.c in Sources */,
				D14793B62028A5E500865782 /* AppDelegate.m in Sources */,
			);
			runOnlyForDeploymentPostprocessing = 0;
		};
/* End PBXSourcesBuildPhase section */

/* Begin PBXVariantGroup section */
		D14793BA2028A5E500865782 /* Main.storyboard */ = {
			isa = PBXVariantGroup;
			children = (
				D14793BB2028A5E500865782 /* Base */,
			);
			name = Main.storyboard;
			sourceTree = "<group>";
		};
		D14793BF2028A5E500865782 /* LaunchScreen.storyboard */ = {
			isa = PBXVariantGroup;
			children = (
				D14793C02028A5E500865782 /* Base */,
			);
			name = LaunchScreen.storyboard;
			sourceTree = "<group>";
		};
/* End PBXVariantGroup section */

/* Begin XCBuildConfiguration section */
		D14793C52028A5E500865782 /* Debug */ = {
			isa = XCBuildConfiguration;
			buildSettings = {
				ALWAYS_SEARCH_USER_PATHS = NO;
				CLANG_ANALYZER_NONNULL = YES;
				CLANG_ANALYZER_NUMBER_OBJECT_CONVERSION = YES_AGGRESSIVE;
				CLANG_CXX_LANGUAGE_STANDARD = "gnu++14";
				CLANG_CXX_LIBRARY = "libc++";
				CLANG_ENABLE_MODULES = YES;
				CLANG_ENABLE_OBJC_ARC = YES;
				CLANG_WARN_BLOCK_CAPTURE_AUTORELEASING = YES;
				CLANG_WARN_BOOL_CONVERSION = YES;
				CLANG_WARN_COMMA = YES;
				CLANG_WARN_CONSTANT_CONVERSION = YES;
				CLANG_WARN_DIRECT_OBJC_ISA_USAGE = YES_ERROR;
				CLANG_WARN_DOCUMENTATION_COMMENTS = YES;
				CLANG_WARN_EMPTY_BODY = YES;
				CLANG_WARN_ENUM_CONVERSION = YES;
				CLANG_WARN_INFINITE_RECURSION = YES;
				CLANG_WARN_INT_CONVERSION = YES;
				CLANG_WARN_NON_LITERAL_NULL_CONVERSION = YES;
				CLANG_WARN_OBJC_LITERAL_CONVERSION = YES;
				CLANG_WARN_OBJC_ROOT_CLASS = YES_ERROR;
				CLANG_WARN_RANGE_LOOP_ANALYSIS = YES;
				CLANG_WARN_STRICT_PROTOTYPES = YES;
				CLANG_WARN_SUSPICIOUS_MOVE = YES;
				CLANG_WARN_UNGUARDED_AVAILABILITY = YES_AGGRESSIVE;
				CLANG_WARN_UNREACHABLE_CODE = YES;
				CLANG_WARN__DUPLICATE_METHOD_MATCH = YES;
				CODE_SIGN_IDENTITY = "iPhone Developer";
				COPY_PHASE_STRIP = NO;
				DEBUG_INFORMATION_FORMAT = dwarf;
				ENABLE_STRICT_OBJC_MSGSEND = YES;
				ENABLE_TESTABILITY = YES;
				GCC_C_LANGUAGE_STANDARD = gnu11;
				GCC_DYNAMIC_NO_PIC = NO;
				GCC_NO_COMMON_BLOCKS = YES;
				GCC_OPTIMIZATION_LEVEL = 0;
				GCC_PREPROCESSOR_DEFINITIONS = (
					"DEBUG=1",
					"$(inherited)",
				);
				GCC_WARN_64_TO_32_BIT_CONVERSION = YES;
				GCC_WARN_ABOUT_RETURN_TYPE = YES_ERROR;
				GCC_WARN_UNDECLARED_SELECTOR = YES;
				GCC_WARN_UNINITIALIZED_AUTOS = YES_AGGRESSIVE;
				GCC_WARN_UNUSED_FUNCTION = YES;
				GCC_WARN_UNUSED_VARIABLE = YES;
				IPHONEOS_DEPLOYMENT_TARGET = 11.1;
				MTL_ENABLE_DEBUG_INFO = YES;
				ONLY_ACTIVE_ARCH = YES;
				SDKROOT = iphoneos;
			};
			name = Debug;
		};
		D14793C62028A5E500865782 /* Release */ = {
			isa = XCBuildConfiguration;
			buildSettings = {
				ALWAYS_SEARCH_USER_PATHS = NO;
				CLANG_ANALYZER_NONNULL = YES;
				CLANG_ANALYZER_NUMBER_OBJECT_CONVERSION = YES_AGGRESSIVE;
				CLANG_CXX_LANGUAGE_STANDARD = "gnu++14";
				CLANG_CXX_LIBRARY = "libc++";
				CLANG_ENABLE_MODULES = YES;
				CLANG_ENABLE_OBJC_ARC = YES;
				CLANG_WARN_BLOCK_CAPTURE_AUTORELEASING = YES;
				CLANG_WARN_BOOL_CONVERSION = YES;
				CLANG_WARN_COMMA = YES;
				CLANG_WARN_CONSTANT_CONVERSION = YES;
				CLANG_WARN_DIRECT_OBJC_ISA_USAGE = YES_ERROR;
				CLANG_WARN_DOCUMENTATION_COMMENTS = YES;
				CLANG_WARN_EMPTY_BODY = YES;
				CLANG_WARN_ENUM_CONVERSION = YES;
				CLANG_WARN_INFINITE_RECURSION = YES;
				CLANG_WARN_INT_CONVERSION = YES;
				CLANG_WARN_NON_LITERAL_NULL_CONVERSION = YES;
				CLANG_WARN_OBJC_LITERAL_CONVERSION = YES;
				CLANG_WARN_OBJC_ROOT_CLASS = YES_ERROR;
				CLANG_WARN_RANGE_LOOP_ANALYSIS = YES;
				CLANG_WARN_STRICT_PROTOTYPES = YES;
				CLANG_WARN_SUSPICIOUS_MOVE = YES;
				CLANG_WARN_UNGUARDED_AVAILABILITY = YES_AGGRESSIVE;
				CLANG_WARN_UNREACHABLE_CODE = YES;
				CLANG_WARN__DUPLICATE_METHOD_MATCH = YES;
				CODE_SIGN_IDENTITY = "iPhone Developer";
				COPY_PHASE_STRIP = NO;
				DEBUG_INFORMATION_FORMAT = "dwarf-with-dsym";
				ENABLE_NS_ASSERTIONS = NO;
				ENABLE_STRICT_OBJC_MSGSEND = YES;
				GCC_C_LANGUAGE_STANDARD = gnu11;
				GCC_NO_COMMON_BLOCKS = YES;
				GCC_WARN_64_TO_32_BIT_CONVERSION = YES;
				GCC_WARN_ABOUT_RETURN_TYPE = YES_ERROR;
				GCC_WARN_UNDECLARED_SELECTOR = YES;
				GCC_WARN_UNINITIALIZED_AUTOS = YES_AGGRESSIVE;
				GCC_WARN_UNUSED_FUNCTION = YES;
				GCC_WARN_UNUSED_VARIABLE = YES;
				IPHONEOS_DEPLOYMENT_TARGET = 11.1;
				MTL_ENABLE_DEBUG_INFO = NO;
				SDKROOT = iphoneos;
				VALIDATE_PRODUCT = YES;
			};
			name = Release;
		};
		D14793C82028A5E500865782 /* Debug */ = {
			isa = XCBuildConfiguration;
			buildSettings = {
				ASSETCATALOG_COMPILER_APPICON_NAME = AppIcon;
				CODE_SIGN_STYLE = Automatic;
				DEVELOPMENT_TEAM = YPV49M8592;
				INFOPLIST_FILE = FishhookObjcMsgSend/Info.plist;
				IPHONEOS_DEPLOYMENT_TARGET = 8.0;
				LD_RUNPATH_SEARCH_PATHS = "$(inherited) @executable_path/Frameworks";
				PRODUCT_BUNDLE_IDENTIFIER = com.everettjf.FishhookObjcMsgSend;
				PRODUCT_NAME = "$(TARGET_NAME)";
				TARGETED_DEVICE_FAMILY = "1,2";
			};
			name = Debug;
		};
		D14793C92028A5E500865782 /* Release */ = {
			isa = XCBuildConfiguration;
			buildSettings = {
				ASSETCATALOG_COMPILER_APPICON_NAME = AppIcon;
				CODE_SIGN_STYLE = Automatic;
				DEVELOPMENT_TEAM = YPV49M8592;
				INFOPLIST_FILE = FishhookObjcMsgSend/Info.plist;
				IPHONEOS_DEPLOYMENT_TARGET = 8.0;
				LD_RUNPATH_SEARCH_PATHS = "$(inherited) @executable_path/Frameworks";
				PRODUCT_BUNDLE_IDENTIFIER = com.everettjf.FishhookObjcMsgSend;
				PRODUCT_NAME = "$(TARGET_NAME)";
				TARGETED_DEVICE_FAMILY = "1,2";
			};
			name = Release;
		};
/* End XCBuildConfiguration section */

/* Begin XCConfigurationList section */
		D14793AC2028A5E500865782 /* Build configuration list for PBXProject "FishhookObjcMsgSend" */ = {
			isa = XCConfigurationList;
			buildConfigurations = (
				D14793C52028A5E500865782 /* Debug */,
				D14793C62028A5E500865782 /* Release */,
			);
			defaultConfigurationIsVisible = 0;
			defaultConfigurationName = Release;
		};
		D14793C72028A5E500865782 /* Build configuration list for PBXNativeTarget "FishhookObjcMsgSend" */ = {
			isa = XCConfigurationList;
			buildConfigurations = (
				D14793C82028A5E500865782 /* Debug */,
				D14793C92028A5E500865782 /* Release */,
			);
			defaultConfigurationIsVisible = 0;
			defaultConfigurationName = Release;
		};
/* End XCConfigurationList section */
	};
	rootObject = D14793A92028A5E500865782 /* Project object */;
}
